// !$*UTF8*$!
{
	archiveVersion = 1;
	classes = {
	};
	objectVersion = 77;
	objects = {

/* Begin PBXContainerItemProxy section */
		2A6DF7BD2DE694130085A864 /* PBXContainerItemProxy */ = {
			isa = PBXContainerItemProxy;
			containerPortal = 2A6DF7A72DE694110085A864 /* Project object */;
			proxyType = 1;
			remoteGlobalIDString = 2A6DF7AE2DE694110085A864;
			remoteInfo = JellyJellyAssessment;
		};
		2A6DF7C72DE694130085A864 /* PBXContainerItemProxy */ = {
			isa = PBXContainerItemProxy;
			containerPortal = 2A6DF7A72DE694110085A864 /* Project object */;
			proxyType = 1;
			remoteGlobalIDString = 2A6DF7AE2DE694110085A864;
			remoteInfo = JellyJellyAssessment;
		};
/* End PBXContainerItemProxy section */

/* Begin PBXFileReference section */
		2A6DF7AF2DE694110085A864 /* JellyJellyAssessment.app */ = {isa = PBXFileReference; explicitFileType = wrapper.application; includeInIndex = 0; path = JellyJellyAssessment.app; sourceTree = BUILT_PRODUCTS_DIR; };
		2A6DF7BC2DE694130085A864 /* JellyJellyAssessmentTests.xctest */ = {isa = PBXFileReference; explicitFileType = wrapper.cfbundle; includeInIndex = 0; path = JellyJellyAssessmentTests.xctest; sourceTree = BUILT_PRODUCTS_DIR; };
		2A6DF7C62DE694130085A864 /* JellyJellyAssessmentUITests.xctest */ = {isa = PBXFileReference; explicitFileType = wrapper.cfbundle; includeInIndex = 0; path = JellyJellyAssessmentUITests.xctest; sourceTree = BUILT_PRODUCTS_DIR; };
/* End PBXFileReference section */

/* Begin PBXFileSystemSynchronizedBuildFileExceptionSet section */
		2A6DF7DA2DE6A3200085A864 /* Exceptions for "JellyJellyAssessment" folder in "JellyJellyAssessment" target */ = {
			isa = PBXFileSystemSynchronizedBuildFileExceptionSet;
			membershipExceptions = (
				Info.plist,
			);
			target = 2A6DF7AE2DE694110085A864 /* JellyJellyAssessment */;
		};
/* End PBXFileSystemSynchronizedBuildFileExceptionSet section */

/* Begin PBXFileSystemSynchronizedRootGroup section */
		2A6DF7B12DE694110085A864 /* JellyJellyAssessment */ = {
			isa = PBXFileSystemSynchronizedRootGroup;
			exceptions = (
				2A6DF7DA2DE6A3200085A864 /* Exceptions for "JellyJellyAssessment" folder in "JellyJellyAssessment" target */,
			);
			path = JellyJellyAssessment;
			sourceTree = "<group>";
		};
		2A6DF7BF2DE694130085A864 /* JellyJellyAssessmentTests */ = {
			isa = PBXFileSystemSynchronizedRootGroup;
			path = JellyJellyAssessmentTests;
			sourceTree = "<group>";
		};
		2A6DF7C92DE694130085A864 /* JellyJellyAssessmentUITests */ = {
			isa = PBXFileSystemSynchronizedRootGroup;
			path = JellyJellyAssessmentUITests;
			sourceTree = "<group>";
		};
/* End PBXFileSystemSynchronizedRootGroup section */

/* Begin PBXFrameworksBuildPhase section */
		2A6DF7AC2DE694110085A864 /* Frameworks */ = {
			isa = PBXFrameworksBuildPhase;
			buildActionMask = 2147483647;
			files = (
			);
			runOnlyForDeploymentPostprocessing = 0;
		};
		2A6DF7B92DE694130085A864 /* Frameworks */ = {
			isa = PBXFrameworksBuildPhase;
			buildActionMask = 2147483647;
			files = (
			);
			runOnlyForDeploymentPostprocessing = 0;
		};
		2A6DF7C32DE694130085A864 /* Frameworks */ = {
			isa = PBXFrameworksBuildPhase;
			buildActionMask = 2147483647;
			files = (
			);
			runOnlyForDeploymentPostprocessing = 0;
		};
/* End PBXFrameworksBuildPhase section */

/* Begin PBXGroup section */
		2A6DF7A62DE694110085A864 = {
			isa = PBXGroup;
			children = (
				2A6DF7B12DE694110085A864 /* JellyJellyAssessment */,
				2A6DF7BF2DE694130085A864 /* JellyJellyAssessmentTests */,
				2A6DF7C92DE694130085A864 /* JellyJellyAssessmentUITests */,
				2A6DF7B02DE694110085A864 /* Products */,
			);
			sourceTree = "<group>";
		};
		2A6DF7B02DE694110085A864 /* Products */ = {
			isa = PBXGroup;
			children = (
				2A6DF7AF2DE694110085A864 /* JellyJellyAssessment.app */,
				2A6DF7BC2DE694130085A864 /* JellyJellyAssessmentTests.xctest */,
				2A6DF7C62DE694130085A864 /* JellyJellyAssessmentUITests.xctest */,
			);
			name = Products;
			sourceTree = "<group>";
		};
/* End PBXGroup section */

/* Begin PBXNativeTarget section */
		2A6DF7AE2DE694110085A864 /* JellyJellyAssessment */ = {
			isa = PBXNativeTarget;
			buildConfigurationList = 2A6DF7D02DE694130085A864 /* Build configuration list for PBXNativeTarget "JellyJellyAssessment" */;
			buildPhases = (
				2A6DF7AB2DE694110085A864 /* Sources */,
				2A6DF7AC2DE694110085A864 /* Frameworks */,
				2A6DF7AD2DE694110085A864 /* Resources */,
			);
			buildRules = (
			);
			dependencies = (
			);
			fileSystemSynchronizedGroups = (
				2A6DF7B12DE694110085A864 /* JellyJellyAssessment */,
			);
			name = JellyJellyAssessment;
			packageProductDependencies = (
			);
			productName = JellyJellyAssessment;
			productReference = 2A6DF7AF2DE694110085A864 /* JellyJellyAssessment.app */;
			productType = "com.apple.product-type.application";
		};
		2A6DF7BB2DE694130085A864 /* JellyJellyAssessmentTests */ = {
			isa = PBXNativeTarget;
			buildConfigurationList = 2A6DF7D32DE694130085A864 /* Build configuration list for PBXNativeTarget "JellyJellyAssessmentTests" */;
			buildPhases = (
				2A6DF7B82DE694130085A864 /* Sources */,
				2A6DF7B92DE694130085A864 /* Frameworks */,
				2A6DF7BA2DE694130085A864 /* Resources */,
			);
			buildRules = (
			);
			dependencies = (
				2A6DF7BE2DE694130085A864 /* PBXTargetDependency */,
			);
			fileSystemSynchronizedGroups = (
				2A6DF7BF2DE694130085A864 /* JellyJellyAssessmentTests */,
			);
			name = JellyJellyAssessmentTests;
			packageProductDependencies = (
			);
			productName = JellyJellyAssessmentTests;
			productReference = 2A6DF7BC2DE694130085A864 /* JellyJellyAssessmentTests.xctest */;
			productType = "com.apple.product-type.bundle.unit-test";
		};
		2A6DF7C52DE694130085A864 /* JellyJellyAssessmentUITests */ = {
			isa = PBXNativeTarget;
			buildConfigurationList = 2A6DF7D62DE694130085A864 /* Build configuration list for PBXNativeTarget "JellyJellyAssessmentUITests" */;
			buildPhases = (
				2A6DF7C22DE694130085A864 /* Sources */,
				2A6DF7C32DE694130085A864 /* Frameworks */,
				2A6DF7C42DE694130085A864 /* Resources */,
			);
			buildRules = (
			);
			dependencies = (
				2A6DF7C82DE694130085A864 /* PBXTargetDependency */,
			);
			fileSystemSynchronizedGroups = (
				2A6DF7C92DE694130085A864 /* JellyJellyAssessmentUITests */,
			);
			name = JellyJellyAssessmentUITests;
			packageProductDependencies = (
			);
			productName = JellyJellyAssessmentUITests;
			productReference = 2A6DF7C62DE694130085A864 /* JellyJellyAssessmentUITests.xctest */;
			productType = "com.apple.product-type.bundle.ui-testing";
		};
/* End PBXNativeTarget section */

/* Begin PBXProject section */
		2A6DF7A72DE694110085A864 /* Project object */ = {
			isa = PBXProject;
			attributes = {
				BuildIndependentTargetsInParallel = 1;
				LastSwiftUpdateCheck = 1630;
				LastUpgradeCheck = 1630;
				TargetAttributes = {
					2A6DF7AE2DE694110085A864 = {
						CreatedOnToolsVersion = 16.3;
					};
					2A6DF7BB2DE694130085A864 = {
						CreatedOnToolsVersion = 16.3;
						TestTargetID = 2A6DF7AE2DE694110085A864;
					};
					2A6DF7C52DE694130085A864 = {
						CreatedOnToolsVersion = 16.3;
						TestTargetID = 2A6DF7AE2DE694110085A864;
					};
				};
			};
			buildConfigurationList = 2A6DF7AA2DE694110085A864 /* Build configuration list for PBXProject "JellyJellyAssessment" */;
			developmentRegion = en;
			hasScannedForEncodings = 0;
			knownRegions = (
				en,
				Base,
			);
			mainGroup = 2A6DF7A62DE694110085A864;
			minimizedProjectReferenceProxies = 1;
			preferredProjectObjectVersion = 77;
			productRefGroup = 2A6DF7B02DE694110085A864 /* Products */;
			projectDirPath = "";
			projectRoot = "";
			targets = (
				2A6DF7AE2DE694110085A864 /* JellyJellyAssessment */,
				2A6DF7BB2DE694130085A864 /* JellyJellyAssessmentTests */,
				2A6DF7C52DE694130085A864 /* JellyJellyAssessmentUITests */,
			);
		};
/* End PBXProject section */

/* Begin PBXResourcesBuildPhase section */
		2A6DF7AD2DE694110085A864 /* Resources */ = {
			isa = PBXResourcesBuildPhase;
			buildActionMask = 2147483647;
			files = (
			);
			runOnlyForDeploymentPostprocessing = 0;
		};
		2A6DF7BA2DE694130085A864 /* Resources */ = {
			isa = PBXResourcesBuildPhase;
			buildActionMask = 2147483647;
			files = (
			);
			runOnlyForDeploymentPostprocessing = 0;
		};
		2A6DF7C42DE694130085A864 /* Resources */ = {
			isa = PBXResourcesBuildPhase;
			buildActionMask = 2147483647;
			files = (
			);
			runOnlyForDeploymentPostprocessing = 0;
		};
/* End PBXResourcesBuildPhase section */

/* Begin PBXSourcesBuildPhase section */
		2A6DF7AB2DE694110085A864 /* Sources */ = {
			isa = PBXSourcesBuildPhase;
			buildActionMask = 2147483647;
			files = (
			);
			runOnlyForDeploymentPostprocessing = 0;
		};
		2A6DF7B82DE694130085A864 /* Sources */ = {
			isa = PBXSourcesBuildPhase;
			buildActionMask = 2147483647;
			files = (
			);
			runOnlyForDeploymentPostprocessing = 0;
		};
		2A6DF7C22DE694130085A864 /* Sources */ = {
			isa = PBXSourcesBuildPhase;
			buildActionMask = 2147483647;
			files = (
			);
			runOnlyForDeploymentPostprocessing = 0;
		};
/* End PBXSourcesBuildPhase section */

/* Begin PBXTargetDependency section */
		2A6DF7BE2DE694130085A864 /* PBXTargetDependency */ = {
			isa = PBXTargetDependency;
			target = 2A6DF7AE2DE694110085A864 /* JellyJellyAssessment */;
			targetProxy = 2A6DF7BD2DE694130085A864 /* PBXContainerItemProxy */;
		};
		2A6DF7C82DE694130085A864 /* PBXTargetDependency */ = {
			isa = PBXTargetDependency;
			target = 2A6DF7AE2DE694110085A864 /* JellyJellyAssessment */;
			targetProxy = 2A6DF7C72DE694130085A864 /* PBXContainerItemProxy */;
		};
/* End PBXTargetDependency section */

/* Begin XCBuildConfiguration section */
		2A6DF7CE2DE694130085A864 /* Debug */ = {
			isa = XCBuildConfiguration;
			buildSettings = {
				ALWAYS_SEARCH_USER_PATHS = NO;
				ASSETCATALOG_COMPILER_GENERATE_SWIFT_ASSET_SYMBOL_EXTENSIONS = YES;
				CLANG_ANALYZER_NONNULL = YES;
				CLANG_ANALYZER_NUMBER_OBJECT_CONVERSION = YES_AGGRESSIVE;
				CLANG_CXX_LANGUAGE_STANDARD = "gnu++20";
				CLANG_ENABLE_MODULES = YES;
				CLANG_ENABLE_OBJC_ARC = YES;
				CLANG_ENABLE_OBJC_WEAK = YES;
				CLANG_WARN_BLOCK_CAPTURE_AUTORELEASING = YES;
				CLANG_WARN_BOOL_CONVERSION = YES;
				CLANG_WARN_COMMA = YES;
				CLANG_WARN_CONSTANT_CONVERSION = YES;
				CLANG_WARN_DEPRECATED_OBJC_IMPLEMENTATIONS = YES;
				CLANG_WARN_DIRECT_OBJC_ISA_USAGE = YES_ERROR;
				CLANG_WARN_DOCUMENTATION_COMMENTS = YES;
				CLANG_WARN_EMPTY_BODY = YES;
				CLANG_WARN_ENUM_CONVERSION = YES;
				CLANG_WARN_INFINITE_RECURSION = YES;
				CLANG_WARN_INT_CONVERSION = YES;
				CLANG_WARN_NON_LITERAL_NULL_CONVERSION = YES;
				CLANG_WARN_OBJC_IMPLICIT_RETAIN_SELF = YES;
				CLANG_WARN_OBJC_LITERAL_CONVERSION = YES;
				CLANG_WARN_OBJC_ROOT_CLASS = YES_ERROR;
				CLANG_WARN_QUOTED_INCLUDE_IN_FRAMEWORK_HEADER = YES;
				CLANG_WARN_RANGE_LOOP_ANALYSIS = YES;
				CLANG_WARN_STRICT_PROTOTYPES = YES;
				CLANG_WARN_SUSPICIOUS_MOVE = YES;
				CLANG_WARN_UNGUARDED_AVAILABILITY = YES_AGGRESSIVE;
				CLANG_WARN_UNREACHABLE_CODE = YES;
				CLANG_WARN__DUPLICATE_METHOD_MATCH = YES;
				COPY_PHASE_STRIP = NO;
				DEBUG_INFORMATION_FORMAT = dwarf;
				ENABLE_STRICT_OBJC_MSGSEND = YES;
				ENABLE_TESTABILITY = YES;
				ENABLE_USER_SCRIPT_SANDBOXING = YES;
				GCC_C_LANGUAGE_STANDARD = gnu17;
				GCC_DYNAMIC_NO_PIC = NO;
				GCC_NO_COMMON_BLOCKS = YES;
				GCC_OPTIMIZATION_LEVEL = 0;
				GCC_PREPROCESSOR_DEFINITIONS = (
					"DEBUG=1",
					"$(inherited)",
				);
				GCC_WARN_64_TO_32_BIT_CONVERSION = YES;
				GCC_WARN_ABOUT_RETURN_TYPE = YES_ERROR;
				GCC_WARN_UNDECLARED_SELECTOR = YES;
				GCC_WARN_UNINITIALIZED_AUTOS = YES_AGGRESSIVE;
				GCC_WARN_UNUSED_FUNCTION = YES;
				GCC_WARN_UNUSED_VARIABLE = YES;
				IPHONEOS_DEPLOYMENT_TARGET = 18.4;
				LOCALIZATION_PREFERS_STRING_CATALOGS = YES;
				MTL_ENABLE_DEBUG_INFO = INCLUDE_SOURCE;
				MTL_FAST_MATH = YES;
				ONLY_ACTIVE_ARCH = YES;
				SDKROOT = iphoneos;
				SWIFT_ACTIVE_COMPILATION_CONDITIONS = "DEBUG $(inherited)";
				SWIFT_OPTIMIZATION_LEVEL = "-Onone";
			};
			name = Debug;
		};
		2A6DF7CF2DE694130085A864 /* Release */ = {
			isa = XCBuildConfiguration;
			buildSettings = {
				ALWAYS_SEARCH_USER_PATHS = NO;
				ASSETCATALOG_COMPILER_GENERATE_SWIFT_ASSET_SYMBOL_EXTENSIONS = YES;
				CLANG_ANALYZER_NONNULL = YES;
				CLANG_ANALYZER_NUMBER_OBJECT_CONVERSION = YES_AGGRESSIVE;
				CLANG_CXX_LANGUAGE_STANDARD = "gnu++20";
				CLANG_ENABLE_MODULES = YES;
				CLANG_ENABLE_OBJC_ARC = YES;
				CLANG_ENABLE_OBJC_WEAK = YES;
				CLANG_WARN_BLOCK_CAPTURE_AUTORELEASING = YES;
				CLANG_WARN_BOOL_CONVERSION = YES;
				CLANG_WARN_COMMA = YES;
				CLANG_WARN_CONSTANT_CONVERSION = YES;
				CLANG_WARN_DEPRECATED_OBJC_IMPLEMENTATIONS = YES;
				CLANG_WARN_DIRECT_OBJC_ISA_USAGE = YES_ERROR;
				CLANG_WARN_DOCUMENTATION_COMMENTS = YES;
				CLANG_WARN_EMPTY_BODY = YES;
				CLANG_WARN_ENUM_CONVERSION = YES;
				CLANG_WARN_INFINITE_RECURSION = YES;
				CLANG_WARN_INT_CONVERSION = YES;
				CLANG_WARN_NON_LITERAL_NULL_CONVERSION = YES;
				CLANG_WARN_OBJC_IMPLICIT_RETAIN_SELF = YES;
				CLANG_WARN_OBJC_LITERAL_CONVERSION = YES;
				CLANG_WARN_OBJC_ROOT_CLASS = YES_ERROR;
				CLANG_WARN_QUOTED_INCLUDE_IN_FRAMEWORK_HEADER = YES;
				CLANG_WARN_RANGE_LOOP_ANALYSIS = YES;
				CLANG_WARN_STRICT_PROTOTYPES = YES;
				CLANG_WARN_SUSPICIOUS_MOVE = YES;
				CLANG_WARN_UNGUARDED_AVAILABILITY = YES_AGGRESSIVE;
				CLANG_WARN_UNREACHABLE_CODE = YES;
				CLANG_WARN__DUPLICATE_METHOD_MATCH = YES;
				COPY_PHASE_STRIP = NO;
				DEBUG_INFORMATION_FORMAT = "dwarf-with-dsym";
				ENABLE_NS_ASSERTIONS = NO;
				ENABLE_STRICT_OBJC_MSGSEND = YES;
				ENABLE_USER_SCRIPT_SANDBOXING = YES;
				GCC_C_LANGUAGE_STANDARD = gnu17;
				GCC_NO_COMMON_BLOCKS = YES;
				GCC_WARN_64_TO_32_BIT_CONVERSION = YES;
				GCC_WARN_ABOUT_RETURN_TYPE = YES_ERROR;
				GCC_WARN_UNDECLARED_SELECTOR = YES;
				GCC_WARN_UNINITIALIZED_AUTOS = YES_AGGRESSIVE;
				GCC_WARN_UNUSED_FUNCTION = YES;
				GCC_WARN_UNUSED_VARIABLE = YES;
				IPHONEOS_DEPLOYMENT_TARGET = 18.4;
				LOCALIZATION_PREFERS_STRING_CATALOGS = YES;
				MTL_ENABLE_DEBUG_INFO = NO;
				MTL_FAST_MATH = YES;
				SDKROOT = iphoneos;
				SWIFT_COMPILATION_MODE = wholemodule;
				VALIDATE_PRODUCT = YES;
			};
			name = Release;
		};
		2A6DF7D12DE694130085A864 /* Debug */ = {
			isa = XCBuildConfiguration;
			buildSettings = {
				ASSETCATALOG_COMPILER_APPICON_NAME = AppIcon;
				ASSETCATALOG_COMPILER_GLOBAL_ACCENT_COLOR_NAME = AccentColor;
				CODE_SIGN_STYLE = Automatic;
				CURRENT_PROJECT_VERSION = 1;
				DEVELOPMENT_TEAM = FXVGBFYD28;
				ENABLE_PREVIEWS = YES;
				GENERATE_INFOPLIST_FILE = YES;
				INFOPLIST_FILE = JellyJellyAssessment/Info.plist;
				INFOPLIST_KEY_NSCameraUsageDescription = "Allow Camera Usage";
				INFOPLIST_KEY_NSMicrophoneUsageDescription = "Microphone access";
				INFOPLIST_KEY_UIApplicationSceneManifest_Generation = YES;
				INFOPLIST_KEY_UIApplicationSupportsIndirectInputEvents = YES;
				INFOPLIST_KEY_UILaunchScreen_Generation = YES;
				INFOPLIST_KEY_UISupportedInterfaceOrientations_iPad = "UIInterfaceOrientationPortrait UIInterfaceOrientationPortraitUpsideDown UIInterfaceOrientationLandscapeLeft UIInterfaceOrientationLandscapeRight";
				INFOPLIST_KEY_UISupportedInterfaceOrientations_iPhone = "UIInterfaceOrientationPortrait UIInterfaceOrientationLandscapeLeft UIInterfaceOrientationLandscapeRight";
				LD_RUNPATH_SEARCH_PATHS = (
					"$(inherited)",
					"@executable_path/Frameworks",
				);
				MARKETING_VERSION = 1.0;
				PRODUCT_BUNDLE_IDENTIFIER = com.jellyjellyTest.JellyJellyAssessment;
				PRODUCT_NAME = "$(TARGET_NAME)";
				SWIFT_EMIT_LOC_STRINGS = YES;
				SWIFT_VERSION = 5.0;
				TARGETED_DEVICE_FAMILY = "1,2";
			};
			name = Debug;
		};
		2A6DF7D22DE694130085A864 /* Release */ = {
			isa = XCBuildConfiguration;
			buildSettings = {
				ASSETCATALOG_COMPILER_APPICON_NAME = AppIcon;
				ASSETCATALOG_COMPILER_GLOBAL_ACCENT_COLOR_NAME = AccentColor;
				CODE_SIGN_STYLE = Automatic;
				CURRENT_PROJECT_VERSION = 1;
				DEVELOPMENT_TEAM = FXVGBFYD28;
				ENABLE_PREVIEWS = YES;
				GENERATE_INFOPLIST_FILE = YES;
				INFOPLIST_FILE = JellyJellyAssessment/Info.plist;
				INFOPLIST_KEY_NSCameraUsageDescription = "Allow Camera Usage";
				INFOPLIST_KEY_NSMicrophoneUsageDescription = "Microphone access";
				INFOPLIST_KEY_UIApplicationSceneManifest_Generation = YES;
				INFOPLIST_KEY_UIApplicationSupportsIndirectInputEvents = YES;
				INFOPLIST_KEY_UILaunchScreen_Generation = YES;
				INFOPLIST_KEY_UISupportedInterfaceOrientations_iPad = "UIInterfaceOrientationPortrait UIInterfaceOrientationPortraitUpsideDown UIInterfaceOrientationLandscapeLeft UIInterfaceOrientationLandscapeRight";
				INFOPLIST_KEY_UISupportedInterfaceOrientations_iPhone = "UIInterfaceOrientationPortrait UIInterfaceOrientationLandscapeLeft UIInterfaceOrientationLandscapeRight";
				LD_RUNPATH_SEARCH_PATHS = (
					"$(inherited)",
					"@executable_path/Frameworks",
				);
				MARKETING_VERSION = 1.0;
				PRODUCT_BUNDLE_IDENTIFIER = com.jellyjellyTest.JellyJellyAssessment;
				PRODUCT_NAME = "$(TARGET_NAME)";
				SWIFT_EMIT_LOC_STRINGS = YES;
				SWIFT_VERSION = 5.0;
				TARGETED_DEVICE_FAMILY = "1,2";
			};
			name = Release;
		};
		2A6DF7D42DE694130085A864 /* Debug */ = {
			isa = XCBuildConfiguration;
			buildSettings = {
				BUNDLE_LOADER = "$(TEST_HOST)";
				CODE_SIGN_STYLE = Automatic;
				CURRENT_PROJECT_VERSION = 1;
				GENERATE_INFOPLIST_FILE = YES;
				IPHONEOS_DEPLOYMENT_TARGET = 18.4;
				MARKETING_VERSION = 1.0;
				PRODUCT_BUNDLE_IDENTIFIER = com.jellyjellyTest.JellyJellyAssessmentTests;
				PRODUCT_NAME = "$(TARGET_NAME)";
				SWIFT_EMIT_LOC_STRINGS = NO;
				SWIFT_VERSION = 5.0;
				TARGETED_DEVICE_FAMILY = "1,2";
				TEST_HOST = "$(BUILT_PRODUCTS_DIR)/JellyJellyAssessment.app/$(BUNDLE_EXECUTABLE_FOLDER_PATH)/JellyJellyAssessment";
			};
			name = Debug;
		};
		2A6DF7D52DE694130085A864 /* Release */ = {
			isa = XCBuildConfiguration;
			buildSettings = {
				BUNDLE_LOADER = "$(TEST_HOST)";
				CODE_SIGN_STYLE = Automatic;
				CURRENT_PROJECT_VERSION = 1;
				GENERATE_INFOPLIST_FILE = YES;
				IPHONEOS_DEPLOYMENT_TARGET = 18.4;
				MARKETING_VERSION = 1.0;
				PRODUCT_BUNDLE_IDENTIFIER = com.jellyjellyTest.JellyJellyAssessmentTests;
				PRODUCT_NAME = "$(TARGET_NAME)";
				SWIFT_EMIT_LOC_STRINGS = NO;
				SWIFT_VERSION = 5.0;
				TARGETED_DEVICE_FAMILY = "1,2";
				TEST_HOST = "$(BUILT_PRODUCTS_DIR)/JellyJellyAssessment.app/$(BUNDLE_EXECUTABLE_FOLDER_PATH)/JellyJellyAssessment";
			};
			name = Release;
		};
		2A6DF7D72DE694130085A864 /* Debug */ = {
			isa = XCBuildConfiguration;
			buildSettings = {
				CODE_SIGN_STYLE = Automatic;
				CURRENT_PROJECT_VERSION = 1;
				GENERATE_INFOPLIST_FILE = YES;
				MARKETING_VERSION = 1.0;
				PRODUCT_BUNDLE_IDENTIFIER = com.jellyjellyTest.JellyJellyAssessmentUITests;
				PRODUCT_NAME = "$(TARGET_NAME)";
				SWIFT_EMIT_LOC_STRINGS = NO;
				SWIFT_VERSION = 5.0;
				TARGETED_DEVICE_FAMILY = "1,2";
				TEST_TARGET_NAME = JellyJellyAssessment;
			};
			name = Debug;
		};
		2A6DF7D82DE694130085A864 /* Release */ = {
			isa = XCBuildConfiguration;
			buildSettings = {
				CODE_SIGN_STYLE = Automatic;
				CURRENT_PROJECT_VERSION = 1;
				GENERATE_INFOPLIST_FILE = YES;
				MARKETING_VERSION = 1.0;
				PRODUCT_BUNDLE_IDENTIFIER = com.jellyjellyTest.JellyJellyAssessmentUITests;
				PRODUCT_NAME = "$(TARGET_NAME)";
				SWIFT_EMIT_LOC_STRINGS = NO;
				SWIFT_VERSION = 5.0;
				TARGETED_DEVICE_FAMILY = "1,2";
				TEST_TARGET_NAME = JellyJellyAssessment;
			};
			name = Release;
		};
/* End XCBuildConfiguration section */

/* Begin XCConfigurationList section */
		2A6DF7AA2DE694110085A864 /* Build configuration list for PBXProject "JellyJellyAssessment" */ = {
			isa = XCConfigurationList;
			buildConfigurations = (
				2A6DF7CE2DE694130085A864 /* Debug */,
				2A6DF7CF2DE694130085A864 /* Release */,
			);
			defaultConfigurationIsVisible = 0;
			defaultConfigurationName = Release;
		};
		2A6DF7D02DE694130085A864 /* Build configuration list for PBXNativeTarget "JellyJellyAssessment" */ = {
			isa = XCConfigurationList;
			buildConfigurations = (
				2A6DF7D12DE694130085A864 /* Debug */,
				2A6DF7D22DE694130085A864 /* Release */,
			);
			defaultConfigurationIsVisible = 0;
			defaultConfigurationName = Release;
		};
		2A6DF7D32DE694130085A864 /* Build configuration list for PBXNativeTarget "JellyJellyAssessmentTests" */ = {
			isa = XCConfigurationList;
			buildConfigurations = (
				2A6DF7D42DE694130085A864 /* Debug */,
				2A6DF7D52DE694130085A864 /* Release */,
			);
			defaultConfigurationIsVisible = 0;
			defaultConfigurationName = Release;
		};
		2A6DF7D62DE694130085A864 /* Build configuration list for PBXNativeTarget "JellyJellyAssessmentUITests" */ = {
			isa = XCConfigurationList;
			buildConfigurations = (
				2A6DF7D72DE694130085A864 /* Debug */,
				2A6DF7D82DE694130085A864 /* Release */,
			);
			defaultConfigurationIsVisible = 0;
			defaultConfigurationName = Release;
		};
/* End XCConfigurationList section */
	};
	rootObject = 2A6DF7A72DE694110085A864 /* Project object */;
}
